
Microsoft Visual Studio Solution File, Format Version 12.00
# Visual Studio Version 17
VisualStudioVersion = 17.5.33530.505
MinimumVisualStudioVersion = 10.0.40219.1
Project("{9A19103F-16F7-4668-BE54-9A1E7A4F7556}") = "makkan-8", "makkan-8\makkan-8.csproj", "{22DAA7EC-E76A-4915-8AEC-AA3CF28239EB}"
EndProject
Project("{FAE04EC0-301F-11D3-BF4B-00C04F79EFBC}") = "makkan-8-desktop", "makkan-8-desktop\makkan-8-desktop.csproj", "{6EEFFC17-90E2-4D99-9437-A604C594EE53}"
EndProject
Global
	GlobalSection(SolutionConfigurationPlatforms) = preSolution
		Debug|Any CPU = Debug|Any CPU
		Release|Any CPU = Release|Any CPU
	EndGlobalSection
	GlobalSection(ProjectConfigurationPlatforms) = postSolution
		{22DAA7EC-E76A-4915-8AEC-AA3CF28239EB}.Debug|Any CPU.ActiveCfg = Debug|Any CPU
		{22DAA7EC-E76A-4915-8AEC-AA3CF28239EB}.Debug|Any CPU.Build.0 = Debug|Any CPU
		{22DAA7EC-E76A-4915-8AEC-AA3CF28239EB}.Release|Any CPU.ActiveCfg = Release|Any CPU
		{22DAA7EC-E76A-4915-8AEC-AA3CF28239EB}.Release|Any CPU.Build.0 = Release|Any CPU
		{6EEFFC17-90E2-4D99-9437-A604C594EE53}.Debug|Any CPU.ActiveCfg = Debug|Any CPU
		{6EEFFC17-90E2-4D99-9437-A604C594EE53}.Debug|Any CPU.Build.0 = Debug|Any CPU
		{6EEFFC17-90E2-4D99-9437-A604C594EE53}.Release|Any CPU.ActiveCfg = Release|Any CPU
		{6EEFFC17-90E2-4D99-9437-A604C594EE53}.Release|Any CPU.Build.0 = Release|Any CPU
	EndGlobalSection
	GlobalSection(SolutionProperties) = preSolution
		HideSolutionNode = FALSE
	EndGlobalSection
EndGlobal
